
Microsoft Visual Studio Solution File, Format Version 12.00
# Visual Studio Version 16
VisualStudioVersion = 16.0.32428.217
MinimumVisualStudioVersion = 10.0.40219.1
Project("{FAE04EC0-301F-11D3-BF4B-00C04F79EFBC}") = "ShootDown", "ShootDown.csproj", "{CCDCF0E7-5638-46AD-A396-20DD0310DFDD}"
EndProject
Global
	GlobalSection(SolutionConfigurationPlatforms) = preSolution
		Debug|Any CPU = Debug|Any CPU
		Release|Any CPU = Release|Any CPU
	EndGlobalSection
	GlobalSection(ProjectConfigurationPlatforms) = postSolution
		{CCDCF0E7-5638-46AD-A396-20DD0310DFDD}.Debug|Any CPU.ActiveCfg = Debug|Any CPU
		{CCDCF0E7-5638-46AD-A396-20DD0310DFDD}.Debug|Any CPU.Build.0 = Debug|Any CPU
		{CCDCF0E7-5638-46AD-A396-20DD0310DFDD}.Release|Any CPU.ActiveCfg = Release|Any CPU
		{CCDCF0E7-5638-46AD-A396-20DD0310DFDD}.Release|Any CPU.Build.0 = Release|Any CPU
	EndGlobalSection
	GlobalSection(SolutionProperties) = preSolution
		HideSolutionNode = FALSE
	EndGlobalSection
	GlobalSection(ExtensibilityGlobals) = postSolution
		SolutionGuid = {E52964A5-833A-407C-AEBE-5A00CFF41FE8}
	EndGlobalSection
EndGlobal
